github.com/jaskaran27177/go-httpmux v0.0.0-20250302201543-308e725eba49 h1:OROI7uGG7V0U2TBklVq+Ars8Ua+Agt8ta0AoMu0sU7Q=
github.com/jaskaran27177/go-httpmux v0.0.0-20250302201543-308e725eba49/go.mod h1:ZSJQDki4PP8iXOm5fOvv6zbmK4gJbBV8hu3v7HGRZa4=
github.com/jaskaran27177/go-log v0.0.0-20250304072626-594236d97f7d h1:LYwhYOK4VudL8oamcR8ZpAqmY2f1LtwXXjgynx0QfQk=
github.com/jaskaran27177/go-log v0.0.0-20250304072626-594236d97f7d/go.mod h1:kSuN/+733WKf1v2XW1QtHqbgfsc2wY39NutYRSIwQz4=
github.com/jaskaran27177/go-log v0.1.0 h1:c76LG81jOUksQeFF9Eak4lwj8gJVcJ9Q/lZJjbRVR3o=
github.com/jaskaran27177/go-log v0.1.0/go.mod h1:kSuN/+733WKf1v2XW1QtHqbgfsc2wY39NutYRSIwQz4=
github.com/jaskaran27177/go-log v0.2.0 h1:W49uHJF84fW5RkMmDdXR2PlpPwluT+/CAoKntBJTsfM=
github.com/jaskaran27177/go-log v0.2.0/go.mod h1:kSuN/+733WKf1v2XW1QtHqbgfsc2wY39NutYRSIwQz4=
github.com/jaskaran27177/go-log v0.4.0 h1:7fXJpQU0YYW921H1a2qTkcbnOg/UlrMa0i9ax3vyexo=
github.com/jaskaran27177/go-log v0.4.0/go.mod h1:kSuN/+733WKf1v2XW1QtHqbgfsc2wY39NutYRSIwQz4=
